
Microsoft Visual Studio Solution File, Format Version 12.00
# Visual Studio 15
VisualStudioVersion = 15.0.26730.16
MinimumVisualStudioVersion = 10.0.40219.1
Project("{FAE04EC0-301F-11D3-BF4B-00C04F79EFBC}") = "AiWF2 - Site Panel", "AiWF2 - Site Panel\AiWF2 - Site Panel.csproj", "{655B5E72-BA51-49BC-A16D-AA3AF899C507}"
EndProject
Global
	GlobalSection(SolutionConfigurationPlatforms) = preSolution
		Debug|Any CPU = Debug|Any CPU
		Release|Any CPU = Release|Any CPU
	EndGlobalSection
	GlobalSection(ProjectConfigurationPlatforms) = postSolution
		{655B5E72-BA51-49BC-A16D-AA3AF899C507}.Debug|Any CPU.ActiveCfg = Debug|Any CPU
		{655B5E72-BA51-49BC-A16D-AA3AF899C507}.Debug|Any CPU.Build.0 = Debug|Any CPU
		{655B5E72-BA51-49BC-A16D-AA3AF899C507}.Release|Any CPU.ActiveCfg = Release|Any CPU
		{655B5E72-BA51-49BC-A16D-AA3AF899C507}.Release|Any CPU.Build.0 = Release|Any CPU
	EndGlobalSection
	GlobalSection(SolutionProperties) = preSolution
		HideSolutionNode = FALSE
	EndGlobalSection
	GlobalSection(ExtensibilityGlobals) = postSolution
		SolutionGuid = {6B106C27-6528-46C8-A78E-5822E8ECB81C}
	EndGlobalSection
EndGlobal
